{
  "version": 4,
  "terraform_version": "1.14.5",
  "serial": 4,
  "lineage": "e8fe300a-9918-39f8-bac9-a95a87455415",
  "outputs": {},
  "resources": [
    {
      "mode": "managed",
      "type": "local_file",
      "name": "ansible_inventory",
      "provider": "provider[\"registry.terraform.io/hashicorp/local\"]",
      "instances": [
        {
          "schema_version": 0,
          "attributes": {
            "content": "# Este arquivo foi gerado automaticamente pelo Terraform\n# Não edite manualmente!\n\n[nginx]\n10.131.134.23\n\n[database]\n10.131.134.22\n\n[all:vars]\nansible_user = ubuntu\n# Descomente a linha abaixo se você usa uma chave SSH específica\n# ansible_ssh_private_key_file = /caminho/para/sua/chave_privada\n\n# Nota: Isso assume que o usuário tem sudo sem senha ou é root.\n# Lembre-se que você definiu o usuário no seu modules/vm/main.tf (var.username)\n",
            "content_base64": null,
            "content_base64sha256": "Xa2NRtfx9bZMZGjgPQfuEjA/nxmPWqPQRAjeVm6zruY=",
            "content_base64sha512": "f5tNNzYBk+lGkgzzQ3c+F/MV8KqwDj2v1SjroXvKE/M1rJmGoODHLiRqY1AzxPCj+yYJB5VCwcXyNaMVEJirFg==",
            "content_md5": "315bec56421075dd8a7b794afa30e12b",
            "content_sha1": "5a782214ab3e49db8a16eebcece5a0f5fe069a68",
            "content_sha256": "5dad8d46d7f1f5b64c6468e03d07ee12303f9f198f5aa3d04408de566eb3aee6",
            "content_sha512": "7f9b4d37360193e946920cf343773e17f315f0aab00e3dafd528eba17bca13f335ac9986a0e0c72e246a635033c4f0a3fb2609079542c1c5f235a3151098ab16",
            "directory_permission": "0777",
            "file_permission": "0777",
            "filename": "./ansible/hosts.ini",
            "id": "5a782214ab3e49db8a16eebcece5a0f5fe069a68",
            "sensitive_content": null,
            "source": null
          },
          "sensitive_attributes": [
            [
              {
                "type": "get_attr",
                "value": "sensitive_content"
              }
            ]
          ],
          "identity_schema_version": 0,
          "dependencies": [
            "module.vm_db.proxmox_virtual_environment_vm.this",
            "module.vm_nginx.proxmox_virtual_environment_vm.this"
          ]
        }
      ]
    },
    {
      "module": "module.vm_db",
      "mode": "managed",
      "type": "proxmox_virtual_environment_vm",
      "name": "this",
      "provider": "provider[\"registry.terraform.io/bpg/proxmox\"]",
      "instances": [
        {
          "schema_version": 0,
          "attributes": {
            "acpi": true,
            "agent": [
              {
                "enabled": true,
                "timeout": "15m",
                "trim": false,
                "type": "virtio"
              }
            ],
            "amd_sev": [],
            "audio_device": [],
            "bios": "seabios",
            "boot_order": null,
            "cdrom": [],
            "clone": [
              {
                "datastore_id": "",
                "full": true,
                "node_name": "",
                "retries": 1,
                "vm_id": 9000
              }
            ],
            "cpu": [
              {
                "affinity": "",
                "architecture": "",
                "cores": 2,
                "flags": null,
                "hotplugged": 0,
                "limit": 0,
                "numa": false,
                "sockets": 1,
                "type": "qemu64",
                "units": 100
              }
            ],
            "description": null,
            "disk": [
              {
                "aio": "io_uring",
                "backup": true,
                "cache": "none",
                "datastore_id": "local-lvm",
                "discard": "ignore",
                "file_format": "raw",
                "file_id": "",
                "import_from": "",
                "interface": "scsi0",
                "iothread": false,
                "path_in_datastore": "vm-1302-disk-0",
                "replicate": true,
                "serial": "",
                "size": 20,
                "speed": [],
                "ssd": false
              }
            ],
            "efi_disk": [],
            "hook_script_file_id": null,
            "hostpci": [],
            "id": "1302",
            "initialization": [
              {
                "datastore_id": "local-lvm",
                "dns": [
                  {
                    "domain": "local",
                    "servers": [
                      "8.8.8.8"
                    ]
                  }
                ],
                "interface": "ide0",
                "ip_config": [
                  {
                    "ipv4": [
                      {
                        "address": "dhcp",
                        "gateway": ""
                      }
                    ],
                    "ipv6": []
                  }
                ],
                "meta_data_file_id": "",
                "network_data_file_id": "",
                "type": "",
                "user_account": [
                  {
                    "keys": [
                      "ssh-rsa AAAAB3NzaC1yc2EAAAADAQABAAACAQDWVtP5r1XMEKSE3Lr/I7oDjMUDXq/MkfH6P32OVaETgQQaS5WCSehfNfsphNQA1qd0h1zMZL3qfrtguIn/HEzI6aXjXFruUFMWoBwxHU04Dt6WpnEFrzN/X16lAn6jtT0mRgPudIKJqkv6Jc4E7y4Wfz2d0ebO13mbJyNAqjZDiTZYIUNwjyc/bi7CqR4Pv5Oyi1esWiPHuIUhXIHFPjMG/V+6PvyXRIQSkdHil/1dBxMDCIxBBio2WTQLZgORwbosJRnRoDnI4GA2D9fVPHlFcWQK3xysXQ3/WsDvCGEWOgnI47rXSr50CEzCATQ8tNbjZ6vP+xqgu1/6u+8OJNnoeVZAu+pRUKtNYPd2MhK0IygFZFb97COPzSCeYNQ81rteP4+R92iEZRTff6R9kU1f48xJiWNoJ8/xiUptCFtt1W5Ghj7SmwqgXj2Y/4tKSw5kVparZH2hKrDozMoOHPi/oUGBd4sP87bGmsrbVTpU9wt7Gju3BAuV7LHNfSa1ideNENil0Kluv1SXnbFQ16vt+Z+UvOMHBPce6AxcuZP8ExxE5oz2yQAveE8r0FfOlpKh85E5b4JlleOo1x4sbw6FMARhSUcMFowHoUQocwYSXkKaOLZeDTJIL+CBhnb52gme1U9sh5jYgAirwS8jRhYV29whesZ55hRSKJdRz72mIw== root@gerencia-automacao"
                    ],
                    "password": "**********",
                    "username": "ubuntu"
                  }
                ],
                "user_data_file_id": "",
                "vendor_data_file_id": ""
              }
            ],
            "ipv4_addresses": [
              [
                "127.0.0.1"
              ],
              [
                "10.131.134.22"
              ]
            ],
            "ipv6_addresses": [
              [
                "::1"
              ],
              [
                "fe80::be24:11ff:fe4f:5c4e"
              ]
            ],
            "keyboard_layout": "en-us",
            "kvm_arguments": null,
            "mac_addresses": [
              "00:00:00:00:00:00",
              "BC:24:11:4F:5C:4E"
            ],
            "machine": null,
            "memory": [
              {
                "dedicated": 4096,
                "floating": 0,
                "hugepages": "",
                "keep_hugepages": false,
                "shared": 0
              }
            ],
            "migrate": false,
            "name": "vm-db",
            "network_device": [
              {
                "bridge": "vmbr0",
                "disconnected": false,
                "enabled": true,
                "firewall": false,
                "mac_address": "BC:24:11:4F:5C:4E",
                "model": "virtio",
                "mtu": 0,
                "queues": 0,
                "rate_limit": 0,
                "trunks": "",
                "vlan_id": 0
              }
            ],
            "network_interface_names": [
              "lo",
              "eth0"
            ],
            "node_name": "pve",
            "numa": [],
            "on_boot": true,
            "operating_system": [
              {
                "type": "l26"
              }
            ],
            "pool_id": "",
            "protection": false,
            "reboot": false,
            "reboot_after_update": true,
            "rng": [],
            "scsi_hardware": "virtio-scsi-pci",
            "serial_device": [],
            "smbios": [],
            "started": true,
            "startup": [],
            "stop_on_destroy": false,
            "tablet_device": true,
            "tags": [
              "database",
              "postgres"
            ],
            "template": false,
            "timeout_clone": 1800,
            "timeout_create": 1800,
            "timeout_migrate": 1800,
            "timeout_move_disk": 1800,
            "timeout_reboot": 1800,
            "timeout_shutdown_vm": 1800,
            "timeout_start_vm": 1800,
            "timeout_stop_vm": 300,
            "tpm_state": [],
            "usb": [],
            "vga": [],
            "virtiofs": [],
            "vm_id": 1302,
            "watchdog": []
          },
          "sensitive_attributes": [
            [
              {
                "type": "get_attr",
                "value": "initialization"
              },
              {
                "type": "index",
                "value": {
                  "value": 0,
                  "type": "number"
                }
              },
              {
                "type": "get_attr",
                "value": "user_account"
              },
              {
                "type": "index",
                "value": {
                  "value": 0,
                  "type": "number"
                }
              },
              {
                "type": "get_attr",
                "value": "password"
              }
            ]
          ],
          "identity_schema_version": 0,
          "private": "bnVsbA=="
        }
      ]
    },
    {
      "module": "module.vm_nginx",
      "mode": "managed",
      "type": "proxmox_virtual_environment_vm",
      "name": "this",
      "provider": "provider[\"registry.terraform.io/bpg/proxmox\"]",
      "instances": [
        {
          "schema_version": 0,
          "attributes": {
            "acpi": true,
            "agent": [
              {
                "enabled": true,
                "timeout": "15m",
                "trim": false,
                "type": "virtio"
              }
            ],
            "amd_sev": [],
            "audio_device": [],
            "bios": "seabios",
            "boot_order": null,
            "cdrom": [],
            "clone": [
              {
                "datastore_id": "",
                "full": true,
                "node_name": "",
                "retries": 1,
                "vm_id": 9000
              }
            ],
            "cpu": [
              {
                "affinity": "",
                "architecture": "",
                "cores": 2,
                "flags": null,
                "hotplugged": 0,
                "limit": 0,
                "numa": false,
                "sockets": 1,
                "type": "qemu64",
                "units": 100
              }
            ],
            "description": null,
            "disk": [
              {
                "aio": "io_uring",
                "backup": true,
                "cache": "none",
                "datastore_id": "local-lvm",
                "discard": "ignore",
                "file_format": "raw",
                "file_id": "",
                "import_from": "",
                "interface": "scsi0",
                "iothread": false,
                "path_in_datastore": "vm-1301-disk-0",
                "replicate": true,
                "serial": "",
                "size": 10,
                "speed": [],
                "ssd": false
              }
            ],
            "efi_disk": [],
            "hook_script_file_id": null,
            "hostpci": [],
            "id": "1301",
            "initialization": [
              {
                "datastore_id": "local-lvm",
                "dns": [
                  {
                    "domain": "local",
                    "servers": [
                      "8.8.8.8"
                    ]
                  }
                ],
                "interface": "ide0",
                "ip_config": [
                  {
                    "ipv4": [
                      {
                        "address": "dhcp",
                        "gateway": ""
                      }
                    ],
                    "ipv6": []
                  }
                ],
                "meta_data_file_id": "",
                "network_data_file_id": "",
                "type": "",
                "user_account": [
                  {
                    "keys": [
                      "ssh-rsa AAAAB3NzaC1yc2EAAAADAQABAAACAQDWVtP5r1XMEKSE3Lr/I7oDjMUDXq/MkfH6P32OVaETgQQaS5WCSehfNfsphNQA1qd0h1zMZL3qfrtguIn/HEzI6aXjXFruUFMWoBwxHU04Dt6WpnEFrzN/X16lAn6jtT0mRgPudIKJqkv6Jc4E7y4Wfz2d0ebO13mbJyNAqjZDiTZYIUNwjyc/bi7CqR4Pv5Oyi1esWiPHuIUhXIHFPjMG/V+6PvyXRIQSkdHil/1dBxMDCIxBBio2WTQLZgORwbosJRnRoDnI4GA2D9fVPHlFcWQK3xysXQ3/WsDvCGEWOgnI47rXSr50CEzCATQ8tNbjZ6vP+xqgu1/6u+8OJNnoeVZAu+pRUKtNYPd2MhK0IygFZFb97COPzSCeYNQ81rteP4+R92iEZRTff6R9kU1f48xJiWNoJ8/xiUptCFtt1W5Ghj7SmwqgXj2Y/4tKSw5kVparZH2hKrDozMoOHPi/oUGBd4sP87bGmsrbVTpU9wt7Gju3BAuV7LHNfSa1ideNENil0Kluv1SXnbFQ16vt+Z+UvOMHBPce6AxcuZP8ExxE5oz2yQAveE8r0FfOlpKh85E5b4JlleOo1x4sbw6FMARhSUcMFowHoUQocwYSXkKaOLZeDTJIL+CBhnb52gme1U9sh5jYgAirwS8jRhYV29whesZ55hRSKJdRz72mIw== root@gerencia-automacao"
                    ],
                    "password": "**********",
                    "username": "ubuntu"
                  }
                ],
                "user_data_file_id": "",
                "vendor_data_file_id": ""
              }
            ],
            "ipv4_addresses": [
              [
                "127.0.0.1"
              ],
              [
                "10.131.134.23"
              ]
            ],
            "ipv6_addresses": [
              [
                "::1"
              ],
              [
                "fe80::be24:11ff:feca:b4"
              ]
            ],
            "keyboard_layout": "en-us",
            "kvm_arguments": null,
            "mac_addresses": [
              "00:00:00:00:00:00",
              "BC:24:11:CA:00:B4"
            ],
            "machine": null,
            "memory": [
              {
                "dedicated": 2048,
                "floating": 0,
                "hugepages": "",
                "keep_hugepages": false,
                "shared": 0
              }
            ],
            "migrate": false,
            "name": "vm-nginx",
            "network_device": [
              {
                "bridge": "vmbr0",
                "disconnected": false,
                "enabled": true,
                "firewall": false,
                "mac_address": "BC:24:11:CA:00:B4",
                "model": "virtio",
                "mtu": 0,
                "queues": 0,
                "rate_limit": 0,
                "trunks": "",
                "vlan_id": 0
              }
            ],
            "network_interface_names": [
              "lo",
              "eth0"
            ],
            "node_name": "pve",
            "numa": [],
            "on_boot": true,
            "operating_system": [
              {
                "type": "l26"
              }
            ],
            "pool_id": "",
            "protection": false,
            "reboot": false,
            "reboot_after_update": true,
            "rng": [],
            "scsi_hardware": "virtio-scsi-pci",
            "serial_device": [],
            "smbios": [],
            "started": true,
            "startup": [],
            "stop_on_destroy": false,
            "tablet_device": true,
            "tags": [
              "nginx",
              "web"
            ],
            "template": false,
            "timeout_clone": 1800,
            "timeout_create": 1800,
            "timeout_migrate": 1800,
            "timeout_move_disk": 1800,
            "timeout_reboot": 1800,
            "timeout_shutdown_vm": 1800,
            "timeout_start_vm": 1800,
            "timeout_stop_vm": 300,
            "tpm_state": [],
            "usb": [],
            "vga": [],
            "virtiofs": [],
            "vm_id": 1301,
            "watchdog": []
          },
          "sensitive_attributes": [
            [
              {
                "type": "get_attr",
                "value": "initialization"
              },
              {
                "type": "index",
                "value": {
                  "value": 0,
                  "type": "number"
                }
              },
              {
                "type": "get_attr",
                "value": "user_account"
              },
              {
                "type": "index",
                "value": {
                  "value": 0,
                  "type": "number"
                }
              },
              {
                "type": "get_attr",
                "value": "password"
              }
            ]
          ],
          "identity_schema_version": 0,
          "private": "bnVsbA=="
        }
      ]
    }
  ],
  "check_results": null
}
